
Microsoft Visual Studio Solution File, Format Version 9.00
# Visual Studio 2005
Project("{FAE04EC0-301F-11D3-BF4B-00C04F79EFBC}") = "ObjEdi", "ObjEdi.csproj", "{AA67A1FA-0ABB-4BA7-A02B-EC928453B2B8}"
EndProject
Project("{FAE04EC0-301F-11D3-BF4B-00C04F79EFBC}") = "LCEdi", "..\LCEdi\LCEdi.csproj", "{B6B95E1E-2442-46C6-A44A-DED906934869}"
EndProject
Global
	GlobalSection(SourceCodeControl) = preSolution
		SccNumberOfProjects = 3
		SccProjectName0 = \u0022$/ObjEdi.root/ObjEdi\u0022,\u0020JFAAAAAA
		SccLocalPath0 = ..
		SccProvider0 = MSSCCI:Microsoft\u0020Visual\u0020SourceSafe
		SccProjectFilePathRelativizedFromConnection0 = ObjEdi\\
		SccProjectUniqueName1 = ..\\LCEdi\\LCEdi.csproj
		SccLocalPath1 = ..
		SccProjectFilePathRelativizedFromConnection1 = LCEdi\\
		SccProjectUniqueName2 = ObjEdi.csproj
		SccLocalPath2 = ..
		SccProjectFilePathRelativizedFromConnection2 = ObjEdi\\
	EndGlobalSection
	GlobalSection(SolutionConfigurationPlatforms) = preSolution
		Debug|Any CPU = Debug|Any CPU
		Release|Any CPU = Release|Any CPU
	EndGlobalSection
	GlobalSection(ProjectConfigurationPlatforms) = postSolution
		{AA67A1FA-0ABB-4BA7-A02B-EC928453B2B8}.Debug|Any CPU.ActiveCfg = Debug|Any CPU
		{AA67A1FA-0ABB-4BA7-A02B-EC928453B2B8}.Debug|Any CPU.Build.0 = Debug|Any CPU
		{AA67A1FA-0ABB-4BA7-A02B-EC928453B2B8}.Release|Any CPU.ActiveCfg = Release|Any CPU
		{AA67A1FA-0ABB-4BA7-A02B-EC928453B2B8}.Release|Any CPU.Build.0 = Release|Any CPU
		{B6B95E1E-2442-46C6-A44A-DED906934869}.Debug|Any CPU.ActiveCfg = Debug|Any CPU
		{B6B95E1E-2442-46C6-A44A-DED906934869}.Debug|Any CPU.Build.0 = Debug|Any CPU
		{B6B95E1E-2442-46C6-A44A-DED906934869}.Release|Any CPU.ActiveCfg = Release|Any CPU
		{B6B95E1E-2442-46C6-A44A-DED906934869}.Release|Any CPU.Build.0 = Release|Any CPU
	EndGlobalSection
	GlobalSection(SolutionProperties) = preSolution
		HideSolutionNode = FALSE
	EndGlobalSection
EndGlobal
