
Microsoft Visual Studio Solution File, Format Version 9.00
# Visual Studio 2005
Project("{FAE04EC0-301F-11D3-BF4B-00C04F79EFBC}") = "OrderEDI", "OrderEDI.csproj", "{ABD98BDE-D0A1-4643-AB52-719130C42FC1}"
EndProject
Global
	GlobalSection(SourceCodeControl) = preSolution
		SccNumberOfProjects = 2
		SccLocalPath0 = .
		SccProjectUniqueName1 = OrderEDI.csproj
		SccLocalPath1 = .
	EndGlobalSection
	GlobalSection(SolutionConfigurationPlatforms) = preSolution
		Debug|Any CPU = Debug|Any CPU
		Release|Any CPU = Release|Any CPU
	EndGlobalSection
	GlobalSection(ProjectConfigurationPlatforms) = postSolution
		{ABD98BDE-D0A1-4643-AB52-719130C42FC1}.Debug|Any CPU.ActiveCfg = Debug|Any CPU
		{ABD98BDE-D0A1-4643-AB52-719130C42FC1}.Debug|Any CPU.Build.0 = Debug|Any CPU
		{ABD98BDE-D0A1-4643-AB52-719130C42FC1}.Release|Any CPU.ActiveCfg = Release|Any CPU
		{ABD98BDE-D0A1-4643-AB52-719130C42FC1}.Release|Any CPU.Build.0 = Release|Any CPU
	EndGlobalSection
	GlobalSection(SolutionProperties) = preSolution
		HideSolutionNode = FALSE
	EndGlobalSection
EndGlobal
